
Microsoft Visual Studio Solution File, Format Version 12.00
# Visual Studio Version 17
VisualStudioVersion = 17.11.35327.3
MinimumVisualStudioVersion = 10.0.40219.1
Project("{FAE04EC0-301F-11D3-BF4B-00C04F79EFBC}") = "ConsoleApp4", "ConsoleApp4.csproj", "{4E0BAF6E-B0C5-41E6-B2AD-37E3BB212988}"
EndProject
Global
	GlobalSection(SolutionConfigurationPlatforms) = preSolution
		Debug|Any CPU = Debug|Any CPU
		Release|Any CPU = Release|Any CPU
	EndGlobalSection
	GlobalSection(ProjectConfigurationPlatforms) = postSolution
		{4E0BAF6E-B0C5-41E6-B2AD-37E3BB212988}.Debug|Any CPU.ActiveCfg = Debug|Any CPU
		{4E0BAF6E-B0C5-41E6-B2AD-37E3BB212988}.Debug|Any CPU.Build.0 = Debug|Any CPU
		{4E0BAF6E-B0C5-41E6-B2AD-37E3BB212988}.Release|Any CPU.ActiveCfg = Release|Any CPU
		{4E0BAF6E-B0C5-41E6-B2AD-37E3BB212988}.Release|Any CPU.Build.0 = Release|Any CPU
	EndGlobalSection
	GlobalSection(SolutionProperties) = preSolution
		HideSolutionNode = FALSE
	EndGlobalSection
	GlobalSection(ExtensibilityGlobals) = postSolution
		SolutionGuid = {44F5B329-0F2F-4848-84BE-29ED69FA9D88}
	EndGlobalSection
EndGlobal
